
Microsoft Visual Studio Solution File, Format Version 12.00
# Visual Studio 15
VisualStudioVersion = 15.0.26730.10
MinimumVisualStudioVersion = 10.0.40219.1
Project("{E24C65DC-7377-472B-9ABA-BC803B73C61A}") = "Bidd_Inn", "..\..\BiddInn\Bidd_Inn_Source\", "{24B52DC2-2776-4DA9-AA27-4A23D4C017D0}"
	ProjectSection(WebsiteProperties) = preProject
		TargetFrameworkMoniker = ".NETFramework,Version%3Dv4.6.1"
		Debug.AspNetCompiler.VirtualPath = "/localhost_60921"
		Debug.AspNetCompiler.PhysicalPath = "..\..\BiddInn\Bidd_Inn_Source\"
		Debug.AspNetCompiler.TargetPath = "PrecompiledWeb\localhost_60921\"
		Debug.AspNetCompiler.Updateable = "true"
		Debug.AspNetCompiler.ForceOverwrite = "true"
		Debug.AspNetCompiler.FixedNames = "false"
		Debug.AspNetCompiler.Debug = "True"
		Release.AspNetCompiler.VirtualPath = "/localhost_60921"
		Release.AspNetCompiler.PhysicalPath = "..\..\BiddInn\Bidd_Inn_Source\"
		Release.AspNetCompiler.TargetPath = "PrecompiledWeb\localhost_60921\"
		Release.AspNetCompiler.Updateable = "true"
		Release.AspNetCompiler.ForceOverwrite = "true"
		Release.AspNetCompiler.FixedNames = "false"
		Release.AspNetCompiler.Debug = "False"
		VWDPort = "60921"
		SlnRelativePath = "..\..\BiddInn\Bidd_Inn\"
		DefaultWebSiteLanguage = "Visual C#"
	EndProjectSection
EndProject
Global
	GlobalSection(SolutionConfigurationPlatforms) = preSolution
		Debug|Any CPU = Debug|Any CPU
	EndGlobalSection
	GlobalSection(ProjectConfigurationPlatforms) = postSolution
		{24B52DC2-2776-4DA9-AA27-4A23D4C017D0}.Debug|Any CPU.ActiveCfg = Debug|Any CPU
		{24B52DC2-2776-4DA9-AA27-4A23D4C017D0}.Debug|Any CPU.Build.0 = Debug|Any CPU
	EndGlobalSection
	GlobalSection(SolutionProperties) = preSolution
		HideSolutionNode = FALSE
	EndGlobalSection
	GlobalSection(ExtensibilityGlobals) = postSolution
		SolutionGuid = {59BB541F-AED8-48D7-A0CC-E4692D1A370F}
	EndGlobalSection
EndGlobal
